<Solution>
  <Project Path="BE/BE.csproj" Id="83fadaee-a8e1-4595-9701-d4ccf800badc" />
  <Project Path="BLL/BLL.csproj" Id="1257cd92-3b37-48ec-8ea5-66de5256dc80" />
  <Project Path="DAL/DAL.csproj" Id="2b029001-a644-4fb1-83ae-799d0a29275b" />
  <Project Path="GUI/GUI.csproj" Id="5a8ea735-7cc0-47db-b792-9c65768d632d" />
  <Project Path="SERVICES/SERVICES.csproj" Id="4775cfff-665b-44b8-9474-c02e8f489b70" />
</Solution>
